
Microsoft Visual Studio Solution File, Format Version 12.00
# Visual Studio Version 17
VisualStudioVersion = 17.9.34622.214
MinimumVisualStudioVersion = 10.0.40219.1
Project("{9A19103F-16F7-4668-BE54-9A1E7A4F7556}") = "MarketTown", "MarketTown.csproj", "{23B05654-AFD1-44F9-906E-16CBD1CF39C6}"
EndProject
Global
	GlobalSection(SolutionConfigurationPlatforms) = preSolution
		Debug|Any CPU = Debug|Any CPU
		Debug|x64 = Debug|x64
		Release|Any CPU = Release|Any CPU
		Release|x64 = Release|x64
	EndGlobalSection
	GlobalSection(ProjectConfigurationPlatforms) = postSolution
		{23B05654-AFD1-44F9-906E-16CBD1CF39C6}.Debug|Any CPU.ActiveCfg = Debug|Any CPU
		{23B05654-AFD1-44F9-906E-16CBD1CF39C6}.Debug|Any CPU.Build.0 = Debug|Any CPU
		{23B05654-AFD1-44F9-906E-16CBD1CF39C6}.Debug|x64.ActiveCfg = Debug|x64
		{23B05654-AFD1-44F9-906E-16CBD1CF39C6}.Debug|x64.Build.0 = Debug|x64
		{23B05654-AFD1-44F9-906E-16CBD1CF39C6}.Release|Any CPU.ActiveCfg = Release|Any CPU
		{23B05654-AFD1-44F9-906E-16CBD1CF39C6}.Release|Any CPU.Build.0 = Release|Any CPU
		{23B05654-AFD1-44F9-906E-16CBD1CF39C6}.Release|x64.ActiveCfg = Release|x64
		{23B05654-AFD1-44F9-906E-16CBD1CF39C6}.Release|x64.Build.0 = Release|x64
	EndGlobalSection
	GlobalSection(SolutionProperties) = preSolution
		HideSolutionNode = FALSE
	EndGlobalSection
	GlobalSection(ExtensibilityGlobals) = postSolution
		SolutionGuid = {B95F0217-DB5B-4DDF-84DC-8073DA11CCE6}
	EndGlobalSection
EndGlobal
